
Microsoft Visual Studio Solution File, Format Version 12.00
# Visual Studio Version 16
VisualStudioVersion = 16.0.29613.14
MinimumVisualStudioVersion = 10.0.40219.1
Project("{FAE04EC0-301F-11D3-BF4B-00C04F79EFBC}") = "IPRedirect", "IPRedirect\IPRedirect.csproj", "{448EFAB0-1F7C-4C6D-8B4D-D82243C103D0}"
EndProject
Project("{2150E333-8FDC-42A3-9474-1A3956D46DE8}") = "Data", "Data", "{E8AEF79C-B106-47C7-B6AD-95BDD4F6AEE8}"
EndProject
Project("{2150E333-8FDC-42A3-9474-1A3956D46DE8}") = "Unit", "Unit", "{1C80D2A6-4B91-448B-B026-E5063F4E62BC}"
EndProject
Project("{2150E333-8FDC-42A3-9474-1A3956D46DE8}") = "Application", "Application", "{C31C3580-E67E-42D8-8D08-DC9F5C42D3AD}"
EndProject
Project("{2150E333-8FDC-42A3-9474-1A3956D46DE8}") = "Service", "Service", "{DD37A602-F556-46A8-860F-B4B642F667EE}"
EndProject
Project("{FAE04EC0-301F-11D3-BF4B-00C04F79EFBC}") = "H.Entity", "H.Entity\H.Entity.csproj", "{81AA3B86-D40F-4C3F-A52F-40AB4C2FB749}"
EndProject
Project("{FAE04EC0-301F-11D3-BF4B-00C04F79EFBC}") = "H.Model", "H.Model\H.Model.csproj", "{716DE2A8-763A-4184-840D-ECDC4B4B15BC}"
EndProject
Project("{FAE04EC0-301F-11D3-BF4B-00C04F79EFBC}") = "H.Service", "H.Service\H.Service.csproj", "{6A34AF97-AEAB-46CE-99CF-FDBA0660A2CF}"
EndProject
Project("{FAE04EC0-301F-11D3-BF4B-00C04F79EFBC}") = "H.IService", "H.IService\H.IService.csproj", "{CF4E4C0B-94D7-4472-9074-B3C6DA9FF09B}"
EndProject
Project("{FAE04EC0-301F-11D3-BF4B-00C04F79EFBC}") = "H.Common", "H.Common\H.Common.csproj", "{46AE7C0E-EDD2-4939-8716-F1C95AA6C4D0}"
EndProject
Project("{FAE04EC0-301F-11D3-BF4B-00C04F79EFBC}") = "H.Core", "H.Core\H.Core.csproj", "{F6DE286D-76DD-4E92-8CA0-0777743FF056}"
EndProject
Project("{FAE04EC0-301F-11D3-BF4B-00C04F79EFBC}") = "H.Api", "H.Api\H.Api.csproj", "{439CDDE3-33C2-4B76-9D49-7499C8401B8A}"
EndProject
Global
	GlobalSection(SolutionConfigurationPlatforms) = preSolution
		Debug|Any CPU = Debug|Any CPU
		Release|Any CPU = Release|Any CPU
	EndGlobalSection
	GlobalSection(ProjectConfigurationPlatforms) = postSolution
		{448EFAB0-1F7C-4C6D-8B4D-D82243C103D0}.Debug|Any CPU.ActiveCfg = Debug|Any CPU
		{448EFAB0-1F7C-4C6D-8B4D-D82243C103D0}.Debug|Any CPU.Build.0 = Debug|Any CPU
		{448EFAB0-1F7C-4C6D-8B4D-D82243C103D0}.Release|Any CPU.ActiveCfg = Release|Any CPU
		{448EFAB0-1F7C-4C6D-8B4D-D82243C103D0}.Release|Any CPU.Build.0 = Release|Any CPU
		{81AA3B86-D40F-4C3F-A52F-40AB4C2FB749}.Debug|Any CPU.ActiveCfg = Debug|Any CPU
		{81AA3B86-D40F-4C3F-A52F-40AB4C2FB749}.Debug|Any CPU.Build.0 = Debug|Any CPU
		{81AA3B86-D40F-4C3F-A52F-40AB4C2FB749}.Release|Any CPU.ActiveCfg = Release|Any CPU
		{81AA3B86-D40F-4C3F-A52F-40AB4C2FB749}.Release|Any CPU.Build.0 = Release|Any CPU
		{716DE2A8-763A-4184-840D-ECDC4B4B15BC}.Debug|Any CPU.ActiveCfg = Debug|Any CPU
		{716DE2A8-763A-4184-840D-ECDC4B4B15BC}.Debug|Any CPU.Build.0 = Debug|Any CPU
		{716DE2A8-763A-4184-840D-ECDC4B4B15BC}.Release|Any CPU.ActiveCfg = Release|Any CPU
		{716DE2A8-763A-4184-840D-ECDC4B4B15BC}.Release|Any CPU.Build.0 = Release|Any CPU
		{6A34AF97-AEAB-46CE-99CF-FDBA0660A2CF}.Debug|Any CPU.ActiveCfg = Debug|Any CPU
		{6A34AF97-AEAB-46CE-99CF-FDBA0660A2CF}.Debug|Any CPU.Build.0 = Debug|Any CPU
		{6A34AF97-AEAB-46CE-99CF-FDBA0660A2CF}.Release|Any CPU.ActiveCfg = Release|Any CPU
		{6A34AF97-AEAB-46CE-99CF-FDBA0660A2CF}.Release|Any CPU.Build.0 = Release|Any CPU
		{CF4E4C0B-94D7-4472-9074-B3C6DA9FF09B}.Debug|Any CPU.ActiveCfg = Debug|Any CPU
		{CF4E4C0B-94D7-4472-9074-B3C6DA9FF09B}.Debug|Any CPU.Build.0 = Debug|Any CPU
		{CF4E4C0B-94D7-4472-9074-B3C6DA9FF09B}.Release|Any CPU.ActiveCfg = Release|Any CPU
		{CF4E4C0B-94D7-4472-9074-B3C6DA9FF09B}.Release|Any CPU.Build.0 = Release|Any CPU
		{46AE7C0E-EDD2-4939-8716-F1C95AA6C4D0}.Debug|Any CPU.ActiveCfg = Debug|Any CPU
		{46AE7C0E-EDD2-4939-8716-F1C95AA6C4D0}.Debug|Any CPU.Build.0 = Debug|Any CPU
		{46AE7C0E-EDD2-4939-8716-F1C95AA6C4D0}.Release|Any CPU.ActiveCfg = Release|Any CPU
		{46AE7C0E-EDD2-4939-8716-F1C95AA6C4D0}.Release|Any CPU.Build.0 = Release|Any CPU
		{F6DE286D-76DD-4E92-8CA0-0777743FF056}.Debug|Any CPU.ActiveCfg = Debug|Any CPU
		{F6DE286D-76DD-4E92-8CA0-0777743FF056}.Debug|Any CPU.Build.0 = Debug|Any CPU
		{F6DE286D-76DD-4E92-8CA0-0777743FF056}.Release|Any CPU.ActiveCfg = Release|Any CPU
		{F6DE286D-76DD-4E92-8CA0-0777743FF056}.Release|Any CPU.Build.0 = Release|Any CPU
		{439CDDE3-33C2-4B76-9D49-7499C8401B8A}.Debug|Any CPU.ActiveCfg = Debug|Any CPU
		{439CDDE3-33C2-4B76-9D49-7499C8401B8A}.Debug|Any CPU.Build.0 = Debug|Any CPU
		{439CDDE3-33C2-4B76-9D49-7499C8401B8A}.Release|Any CPU.ActiveCfg = Release|Any CPU
		{439CDDE3-33C2-4B76-9D49-7499C8401B8A}.Release|Any CPU.Build.0 = Release|Any CPU
	EndGlobalSection
	GlobalSection(SolutionProperties) = preSolution
		HideSolutionNode = FALSE
	EndGlobalSection
	GlobalSection(NestedProjects) = preSolution
		{448EFAB0-1F7C-4C6D-8B4D-D82243C103D0} = {C31C3580-E67E-42D8-8D08-DC9F5C42D3AD}
		{81AA3B86-D40F-4C3F-A52F-40AB4C2FB749} = {E8AEF79C-B106-47C7-B6AD-95BDD4F6AEE8}
		{716DE2A8-763A-4184-840D-ECDC4B4B15BC} = {E8AEF79C-B106-47C7-B6AD-95BDD4F6AEE8}
		{6A34AF97-AEAB-46CE-99CF-FDBA0660A2CF} = {DD37A602-F556-46A8-860F-B4B642F667EE}
		{CF4E4C0B-94D7-4472-9074-B3C6DA9FF09B} = {DD37A602-F556-46A8-860F-B4B642F667EE}
		{46AE7C0E-EDD2-4939-8716-F1C95AA6C4D0} = {1C80D2A6-4B91-448B-B026-E5063F4E62BC}
		{F6DE286D-76DD-4E92-8CA0-0777743FF056} = {1C80D2A6-4B91-448B-B026-E5063F4E62BC}
		{439CDDE3-33C2-4B76-9D49-7499C8401B8A} = {1C80D2A6-4B91-448B-B026-E5063F4E62BC}
	EndGlobalSection
	GlobalSection(ExtensibilityGlobals) = postSolution
		SolutionGuid = {D437B9B3-9991-4A39-833F-5A7196362BDC}
	EndGlobalSection
EndGlobal
