
Microsoft Visual Studio Solution File, Format Version 12.00
# Visual Studio Version 16
VisualStudioVersion = 16.0.29613.14
MinimumVisualStudioVersion = 10.0.40219.1
Project("{FAE04EC0-301F-11D3-BF4B-00C04F79EFBC}") = "IPRedirect", "IPRedirect\IPRedirect.csproj", "{448EFAB0-1F7C-4C6D-8B4D-D82243C103D0}"
EndProject
Project("{FAE04EC0-301F-11D3-BF4B-00C04F79EFBC}") = "Common", "Common\Common.csproj", "{8909038E-AD95-4333-9BB3-A9D02EB11AE7}"
EndProject
Project("{FAE04EC0-301F-11D3-BF4B-00C04F79EFBC}") = "Entity", "Entity\Entity.csproj", "{ED19412A-E773-4FD8-B19A-D553AE002F18}"
EndProject
Project("{2150E333-8FDC-42A3-9474-1A3956D46DE8}") = "Data", "Data", "{E8AEF79C-B106-47C7-B6AD-95BDD4F6AEE8}"
EndProject
Project("{FAE04EC0-301F-11D3-BF4B-00C04F79EFBC}") = "Model", "Model\Model.csproj", "{2564A01C-6060-4363-880E-42A96840A41F}"
EndProject
Project("{2150E333-8FDC-42A3-9474-1A3956D46DE8}") = "Unit", "Unit", "{1C80D2A6-4B91-448B-B026-E5063F4E62BC}"
EndProject
Project("{2150E333-8FDC-42A3-9474-1A3956D46DE8}") = "Application", "Application", "{C31C3580-E67E-42D8-8D08-DC9F5C42D3AD}"
EndProject
Project("{2150E333-8FDC-42A3-9474-1A3956D46DE8}") = "Service", "Service", "{DD37A602-F556-46A8-860F-B4B642F667EE}"
EndProject
Project("{FAE04EC0-301F-11D3-BF4B-00C04F79EFBC}") = "Core", "Core\Core.csproj", "{8FF0A3BA-ACA9-4ED3-88F9-025A99A1ADD6}"
EndProject
Project("{FAE04EC0-301F-11D3-BF4B-00C04F79EFBC}") = "Services", "Services\Services.csproj", "{83ABB0DD-ADAF-4115-A5B7-8866F181998F}"
EndProject
Project("{FAE04EC0-301F-11D3-BF4B-00C04F79EFBC}") = "IServices", "IServices\IServices.csproj", "{25FC3B80-B6FD-46BF-99A5-C5C164A0552A}"
EndProject
Global
	GlobalSection(SolutionConfigurationPlatforms) = preSolution
		Debug|Any CPU = Debug|Any CPU
		Release|Any CPU = Release|Any CPU
	EndGlobalSection
	GlobalSection(ProjectConfigurationPlatforms) = postSolution
		{448EFAB0-1F7C-4C6D-8B4D-D82243C103D0}.Debug|Any CPU.ActiveCfg = Debug|Any CPU
		{448EFAB0-1F7C-4C6D-8B4D-D82243C103D0}.Debug|Any CPU.Build.0 = Debug|Any CPU
		{448EFAB0-1F7C-4C6D-8B4D-D82243C103D0}.Release|Any CPU.ActiveCfg = Release|Any CPU
		{448EFAB0-1F7C-4C6D-8B4D-D82243C103D0}.Release|Any CPU.Build.0 = Release|Any CPU
		{8909038E-AD95-4333-9BB3-A9D02EB11AE7}.Debug|Any CPU.ActiveCfg = Debug|Any CPU
		{8909038E-AD95-4333-9BB3-A9D02EB11AE7}.Debug|Any CPU.Build.0 = Debug|Any CPU
		{8909038E-AD95-4333-9BB3-A9D02EB11AE7}.Release|Any CPU.ActiveCfg = Release|Any CPU
		{8909038E-AD95-4333-9BB3-A9D02EB11AE7}.Release|Any CPU.Build.0 = Release|Any CPU
		{ED19412A-E773-4FD8-B19A-D553AE002F18}.Debug|Any CPU.ActiveCfg = Debug|Any CPU
		{ED19412A-E773-4FD8-B19A-D553AE002F18}.Debug|Any CPU.Build.0 = Debug|Any CPU
		{ED19412A-E773-4FD8-B19A-D553AE002F18}.Release|Any CPU.ActiveCfg = Release|Any CPU
		{ED19412A-E773-4FD8-B19A-D553AE002F18}.Release|Any CPU.Build.0 = Release|Any CPU
		{2564A01C-6060-4363-880E-42A96840A41F}.Debug|Any CPU.ActiveCfg = Debug|Any CPU
		{2564A01C-6060-4363-880E-42A96840A41F}.Debug|Any CPU.Build.0 = Debug|Any CPU
		{2564A01C-6060-4363-880E-42A96840A41F}.Release|Any CPU.ActiveCfg = Release|Any CPU
		{2564A01C-6060-4363-880E-42A96840A41F}.Release|Any CPU.Build.0 = Release|Any CPU
		{8FF0A3BA-ACA9-4ED3-88F9-025A99A1ADD6}.Debug|Any CPU.ActiveCfg = Debug|Any CPU
		{8FF0A3BA-ACA9-4ED3-88F9-025A99A1ADD6}.Debug|Any CPU.Build.0 = Debug|Any CPU
		{8FF0A3BA-ACA9-4ED3-88F9-025A99A1ADD6}.Release|Any CPU.ActiveCfg = Release|Any CPU
		{8FF0A3BA-ACA9-4ED3-88F9-025A99A1ADD6}.Release|Any CPU.Build.0 = Release|Any CPU
		{83ABB0DD-ADAF-4115-A5B7-8866F181998F}.Debug|Any CPU.ActiveCfg = Debug|Any CPU
		{83ABB0DD-ADAF-4115-A5B7-8866F181998F}.Debug|Any CPU.Build.0 = Debug|Any CPU
		{83ABB0DD-ADAF-4115-A5B7-8866F181998F}.Release|Any CPU.ActiveCfg = Release|Any CPU
		{83ABB0DD-ADAF-4115-A5B7-8866F181998F}.Release|Any CPU.Build.0 = Release|Any CPU
		{25FC3B80-B6FD-46BF-99A5-C5C164A0552A}.Debug|Any CPU.ActiveCfg = Debug|Any CPU
		{25FC3B80-B6FD-46BF-99A5-C5C164A0552A}.Debug|Any CPU.Build.0 = Debug|Any CPU
		{25FC3B80-B6FD-46BF-99A5-C5C164A0552A}.Release|Any CPU.ActiveCfg = Release|Any CPU
		{25FC3B80-B6FD-46BF-99A5-C5C164A0552A}.Release|Any CPU.Build.0 = Release|Any CPU
	EndGlobalSection
	GlobalSection(SolutionProperties) = preSolution
		HideSolutionNode = FALSE
	EndGlobalSection
	GlobalSection(NestedProjects) = preSolution
		{448EFAB0-1F7C-4C6D-8B4D-D82243C103D0} = {C31C3580-E67E-42D8-8D08-DC9F5C42D3AD}
		{8909038E-AD95-4333-9BB3-A9D02EB11AE7} = {1C80D2A6-4B91-448B-B026-E5063F4E62BC}
		{ED19412A-E773-4FD8-B19A-D553AE002F18} = {E8AEF79C-B106-47C7-B6AD-95BDD4F6AEE8}
		{2564A01C-6060-4363-880E-42A96840A41F} = {E8AEF79C-B106-47C7-B6AD-95BDD4F6AEE8}
		{8FF0A3BA-ACA9-4ED3-88F9-025A99A1ADD6} = {1C80D2A6-4B91-448B-B026-E5063F4E62BC}
		{83ABB0DD-ADAF-4115-A5B7-8866F181998F} = {DD37A602-F556-46A8-860F-B4B642F667EE}
		{25FC3B80-B6FD-46BF-99A5-C5C164A0552A} = {DD37A602-F556-46A8-860F-B4B642F667EE}
	EndGlobalSection
	GlobalSection(ExtensibilityGlobals) = postSolution
		SolutionGuid = {D437B9B3-9991-4A39-833F-5A7196362BDC}
	EndGlobalSection
EndGlobal
