
Microsoft Visual Studio Solution File, Format Version 12.00
# Visual Studio 15
VisualStudioVersion = 15.0.28307.572
MinimumVisualStudioVersion = 10.0.40219.1
Project("{FAE04EC0-301F-11D3-BF4B-00C04F79EFBC}") = "IPRedirect", "IPRedirect\IPRedirect.csproj", "{448EFAB0-1F7C-4C6D-8B4D-D82243C103D0}"
EndProject
Project("{FAE04EC0-301F-11D3-BF4B-00C04F79EFBC}") = "CommonHelper", "JsonHelper\CommonHelper.csproj", "{2EFD660C-ABB3-48FB-B91F-FEC0CCF8FA41}"
EndProject
Global
	GlobalSection(SolutionConfigurationPlatforms) = preSolution
		Debug|Any CPU = Debug|Any CPU
		Release|Any CPU = Release|Any CPU
	EndGlobalSection
	GlobalSection(ProjectConfigurationPlatforms) = postSolution
		{448EFAB0-1F7C-4C6D-8B4D-D82243C103D0}.Debug|Any CPU.ActiveCfg = Debug|Any CPU
		{448EFAB0-1F7C-4C6D-8B4D-D82243C103D0}.Debug|Any CPU.Build.0 = Debug|Any CPU
		{448EFAB0-1F7C-4C6D-8B4D-D82243C103D0}.Release|Any CPU.ActiveCfg = Release|Any CPU
		{448EFAB0-1F7C-4C6D-8B4D-D82243C103D0}.Release|Any CPU.Build.0 = Release|Any CPU
		{2EFD660C-ABB3-48FB-B91F-FEC0CCF8FA41}.Debug|Any CPU.ActiveCfg = Debug|Any CPU
		{2EFD660C-ABB3-48FB-B91F-FEC0CCF8FA41}.Debug|Any CPU.Build.0 = Debug|Any CPU
		{2EFD660C-ABB3-48FB-B91F-FEC0CCF8FA41}.Release|Any CPU.ActiveCfg = Release|Any CPU
		{2EFD660C-ABB3-48FB-B91F-FEC0CCF8FA41}.Release|Any CPU.Build.0 = Release|Any CPU
	EndGlobalSection
	GlobalSection(SolutionProperties) = preSolution
		HideSolutionNode = FALSE
	EndGlobalSection
	GlobalSection(ExtensibilityGlobals) = postSolution
		SolutionGuid = {D437B9B3-9991-4A39-833F-5A7196362BDC}
	EndGlobalSection
EndGlobal
